
Microsoft Visual Studio Solution File, Format Version 12.00
# Visual Studio Version 16
VisualStudioVersion = 16.0.31313.79
MinimumVisualStudioVersion = 10.0.40219.1
Project("{FAE04EC0-301F-11D3-BF4B-00C04F79EFBC}") = "Sapr", "Sapr.csproj", "{3DC04D90-158E-4D08-ABBE-25346B5FAE05}"
EndProject
Global
	GlobalSection(SolutionConfigurationPlatforms) = preSolution
		Debug|Any CPU = Debug|Any CPU
		Release|Any CPU = Release|Any CPU
	EndGlobalSection
	GlobalSection(ProjectConfigurationPlatforms) = postSolution
		{3DC04D90-158E-4D08-ABBE-25346B5FAE05}.Debug|Any CPU.ActiveCfg = Debug|Any CPU
		{3DC04D90-158E-4D08-ABBE-25346B5FAE05}.Debug|Any CPU.Build.0 = Debug|Any CPU
		{3DC04D90-158E-4D08-ABBE-25346B5FAE05}.Release|Any CPU.ActiveCfg = Release|Any CPU
		{3DC04D90-158E-4D08-ABBE-25346B5FAE05}.Release|Any CPU.Build.0 = Release|Any CPU
	EndGlobalSection
	GlobalSection(SolutionProperties) = preSolution
		HideSolutionNode = FALSE
	EndGlobalSection
	GlobalSection(ExtensibilityGlobals) = postSolution
		SolutionGuid = {AF6D6317-4BDD-4E61-8680-4FB983A4C2A8}
	EndGlobalSection
EndGlobal
